// !$*UTF8*$!
{
	archiveVersion = 1;
	classes = {
	};
	objectVersion = 56;
	objects = {

/* Begin PBXBuildFile section */
		294432BF2BDF675200AB1B1E /* Secrets.json in Resources */ = {isa = PBXBuildFile; fileRef = 294432BD2BDF675200AB1B1E /* Secrets.json */; };
		297454B62BF1A91B00D299FE /* LoginViewController.swift in Sources */ = {isa = PBXBuildFile; fileRef = 297454B52BF1A91B00D299FE /* LoginViewController.swift */; };
		297454BA2BF1A99D00D299FE /* SignUpViewController.swift in Sources */ = {isa = PBXBuildFile; fileRef = 297454B92BF1A99D00D299FE /* SignUpViewController.swift */; };
		297454BC2BF3BC0B00D299FE /* MainTabBarViewController.swift in Sources */ = {isa = PBXBuildFile; fileRef = 297454BB2BF3BC0B00D299FE /* MainTabBarViewController.swift */; };
		29924B752BC158F8002B47F5 /* MyDrugViewController.swift in Sources */ = {isa = PBXBuildFile; fileRef = 29924B742BC158F8002B47F5 /* MyDrugViewController.swift */; };
		29924B782BC15EAC002B47F5 /* MyDrugCollectionViewCell.swift in Sources */ = {isa = PBXBuildFile; fileRef = 29924B762BC15EAC002B47F5 /* MyDrugCollectionViewCell.swift */; };
		29924B792BC15EAC002B47F5 /* MyDrugCollectionViewCell.xib in Resources */ = {isa = PBXBuildFile; fileRef = 29924B772BC15EAC002B47F5 /* MyDrugCollectionViewCell.xib */; };
		29CF55042BECFBF100E27B46 /* GoogleService-Info.plist in Resources */ = {isa = PBXBuildFile; fileRef = 29CF55032BECFBF100E27B46 /* GoogleService-Info.plist */; };
		29CF55072BECFC4100E27B46 /* FirebaseAnalytics in Frameworks */ = {isa = PBXBuildFile; productRef = 29CF55062BECFC4100E27B46 /* FirebaseAnalytics */; };
		29CF55092BECFC4100E27B46 /* FirebaseAnalyticsOnDeviceConversion in Frameworks */ = {isa = PBXBuildFile; productRef = 29CF55082BECFC4100E27B46 /* FirebaseAnalyticsOnDeviceConversion */; };
		29CF550B2BECFC4100E27B46 /* FirebaseAnalyticsSwift in Frameworks */ = {isa = PBXBuildFile; productRef = 29CF550A2BECFC4100E27B46 /* FirebaseAnalyticsSwift */; };
		29CF550D2BECFC4100E27B46 /* FirebaseAnalyticsWithoutAdIdSupport in Frameworks */ = {isa = PBXBuildFile; productRef = 29CF550C2BECFC4100E27B46 /* FirebaseAnalyticsWithoutAdIdSupport */; };
		29CF550F2BECFC4100E27B46 /* FirebaseAppCheck in Frameworks */ = {isa = PBXBuildFile; productRef = 29CF550E2BECFC4100E27B46 /* FirebaseAppCheck */; };
		29CF55112BECFC4100E27B46 /* FirebaseAppDistribution-Beta in Frameworks */ = {isa = PBXBuildFile; productRef = 29CF55102BECFC4100E27B46 /* FirebaseAppDistribution-Beta */; };
		29CF55132BECFC4100E27B46 /* FirebaseAuth in Frameworks */ = {isa = PBXBuildFile; productRef = 29CF55122BECFC4100E27B46 /* FirebaseAuth */; };
		29CF55152BECFC4100E27B46 /* FirebaseAuthCombine-Community in Frameworks */ = {isa = PBXBuildFile; productRef = 29CF55142BECFC4100E27B46 /* FirebaseAuthCombine-Community */; };
		29CF55172BECFC4100E27B46 /* FirebaseCrashlytics in Frameworks */ = {isa = PBXBuildFile; productRef = 29CF55162BECFC4100E27B46 /* FirebaseCrashlytics */; };
		29CF55192BECFC4100E27B46 /* FirebaseDatabase in Frameworks */ = {isa = PBXBuildFile; productRef = 29CF55182BECFC4100E27B46 /* FirebaseDatabase */; };
		29CF551B2BECFC4100E27B46 /* FirebaseDatabaseSwift in Frameworks */ = {isa = PBXBuildFile; productRef = 29CF551A2BECFC4100E27B46 /* FirebaseDatabaseSwift */; };
		29CF551D2BECFC4100E27B46 /* FirebaseFirestore in Frameworks */ = {isa = PBXBuildFile; productRef = 29CF551C2BECFC4100E27B46 /* FirebaseFirestore */; };
		29CF551F2BECFC4100E27B46 /* FirebaseFirestoreCombine-Community in Frameworks */ = {isa = PBXBuildFile; productRef = 29CF551E2BECFC4100E27B46 /* FirebaseFirestoreCombine-Community */; };
		29CF55212BECFC4100E27B46 /* FirebaseFirestoreSwift in Frameworks */ = {isa = PBXBuildFile; productRef = 29CF55202BECFC4100E27B46 /* FirebaseFirestoreSwift */; };
		29CF55232BECFC4100E27B46 /* FirebaseStorage in Frameworks */ = {isa = PBXBuildFile; productRef = 29CF55222BECFC4100E27B46 /* FirebaseStorage */; };
		29CF55252BECFC4100E27B46 /* FirebaseStorageCombine-Community in Frameworks */ = {isa = PBXBuildFile; productRef = 29CF55242BECFC4100E27B46 /* FirebaseStorageCombine-Community */; };
		29EA880A2B55256400126ADB /* AppDelegate.swift in Sources */ = {isa = PBXBuildFile; fileRef = 29EA88092B55256400126ADB /* AppDelegate.swift */; };
		29EA880C2B55256400126ADB /* SceneDelegate.swift in Sources */ = {isa = PBXBuildFile; fileRef = 29EA880B2B55256400126ADB /* SceneDelegate.swift */; };
		29EA880E2B55256400126ADB /* DrugSearchViewController.swift in Sources */ = {isa = PBXBuildFile; fileRef = 29EA880D2B55256400126ADB /* DrugSearchViewController.swift */; };
		29EA88112B55256400126ADB /* Main.storyboard in Resources */ = {isa = PBXBuildFile; fileRef = 29EA880F2B55256400126ADB /* Main.storyboard */; };
		29EA88132B55256500126ADB /* Assets.xcassets in Resources */ = {isa = PBXBuildFile; fileRef = 29EA88122B55256500126ADB /* Assets.xcassets */; };
		29EA88162B55256500126ADB /* LaunchScreen.storyboard in Resources */ = {isa = PBXBuildFile; fileRef = 29EA88142B55256500126ADB /* LaunchScreen.storyboard */; };
		29EA88212B55256500126ADB /* Drug_InfoTests.swift in Sources */ = {isa = PBXBuildFile; fileRef = 29EA88202B55256500126ADB /* Drug_InfoTests.swift */; };
		29EA882B2B55256500126ADB /* Drug_InfoUITests.swift in Sources */ = {isa = PBXBuildFile; fileRef = 29EA882A2B55256500126ADB /* Drug_InfoUITests.swift */; };
		29EA882D2B55256500126ADB /* Drug_InfoUITestsLaunchTests.swift in Sources */ = {isa = PBXBuildFile; fileRef = 29EA882C2B55256500126ADB /* Drug_InfoUITestsLaunchTests.swift */; };
		29EA883E2B554B8100126ADB /* DrugTableViewCell.swift in Sources */ = {isa = PBXBuildFile; fileRef = 29EA883C2B554B8100126ADB /* DrugTableViewCell.swift */; };
		29EA883F2B554B8100126ADB /* DrugTableViewCell.xib in Resources */ = {isa = PBXBuildFile; fileRef = 29EA883D2B554B8100126ADB /* DrugTableViewCell.xib */; };
		29EA88422B5555E300126ADB /* DrugItemDTO.swift in Sources */ = {isa = PBXBuildFile; fileRef = 29EA88412B5555E300126ADB /* DrugItemDTO.swift */; };
		29EA88442B55560C00126ADB /* DrugAPI.swift in Sources */ = {isa = PBXBuildFile; fileRef = 29EA88432B55560C00126ADB /* DrugAPI.swift */; };
		29EA88462B5557D600126ADB /* APIParameter.swift in Sources */ = {isa = PBXBuildFile; fileRef = 29EA88452B5557D600126ADB /* APIParameter.swift */; };
		29EA88482B56633400126ADB /* DrugInfoViewController.swift in Sources */ = {isa = PBXBuildFile; fileRef = 29EA88472B56633400126ADB /* DrugInfoViewController.swift */; };
		29EA884B2B579C4300126ADB /* +UIImageView.swift in Sources */ = {isa = PBXBuildFile; fileRef = 29EA884A2B579C4300126ADB /* +UIImageView.swift */; };
		C46C4FB4DF21744D753D732A /* Pods_Drug_Info_Drug_InfoUITests.framework in Frameworks */ = {isa = PBXBuildFile; fileRef = 0A03DFC9249C1EC5E2A579C5 /* Pods_Drug_Info_Drug_InfoUITests.framework */; };
		DD8AFD22D8C24AAA28C4D1F4 /* Pods_Drug_Info.framework in Frameworks */ = {isa = PBXBuildFile; fileRef = 5225B60B6F4D193C8C75155D /* Pods_Drug_Info.framework */; };
		F2FF9A4AF21019E92DFB3022 /* Pods_Drug_InfoTests.framework in Frameworks */ = {isa = PBXBuildFile; fileRef = 042CAF8A2D628232758B3085 /* Pods_Drug_InfoTests.framework */; };
/* End PBXBuildFile section */

/* Begin PBXContainerItemProxy section */
		29EA881D2B55256500126ADB /* PBXContainerItemProxy */ = {
			isa = PBXContainerItemProxy;
			containerPortal = 29EA87FE2B55256400126ADB /* Project object */;
			proxyType = 1;
			remoteGlobalIDString = 29EA88052B55256400126ADB;
			remoteInfo = "Drug-Info";
		};
		29EA88272B55256500126ADB /* PBXContainerItemProxy */ = {
			isa = PBXContainerItemProxy;
			containerPortal = 29EA87FE2B55256400126ADB /* Project object */;
			proxyType = 1;
			remoteGlobalIDString = 29EA88052B55256400126ADB;
			remoteInfo = "Drug-Info";
		};
/* End PBXContainerItemProxy section */

/* Begin PBXFileReference section */
		042CAF8A2D628232758B3085 /* Pods_Drug_InfoTests.framework */ = {isa = PBXFileReference; explicitFileType = wrapper.framework; includeInIndex = 0; path = Pods_Drug_InfoTests.framework; sourceTree = BUILT_PRODUCTS_DIR; };
		0A03DFC9249C1EC5E2A579C5 /* Pods_Drug_Info_Drug_InfoUITests.framework */ = {isa = PBXFileReference; explicitFileType = wrapper.framework; includeInIndex = 0; path = Pods_Drug_Info_Drug_InfoUITests.framework; sourceTree = BUILT_PRODUCTS_DIR; };
		291205EA49FC3B23D315E0C0 /* Pods-Drug-Info-Drug-InfoUITests.release.xcconfig */ = {isa = PBXFileReference; includeInIndex = 1; lastKnownFileType = text.xcconfig; name = "Pods-Drug-Info-Drug-InfoUITests.release.xcconfig"; path = "Target Support Files/Pods-Drug-Info-Drug-InfoUITests/Pods-Drug-Info-Drug-InfoUITests.release.xcconfig"; sourceTree = "<group>"; };
		294432BE2BDF675200AB1B1E /* en */ = {isa = PBXFileReference; lastKnownFileType = text.json; name = en; path = en.lproj/Secrets.json; sourceTree = "<group>"; };
		297454B52BF1A91B00D299FE /* LoginViewController.swift */ = {isa = PBXFileReference; lastKnownFileType = sourcecode.swift; path = LoginViewController.swift; sourceTree = "<group>"; };
		297454B92BF1A99D00D299FE /* SignUpViewController.swift */ = {isa = PBXFileReference; lastKnownFileType = sourcecode.swift; path = SignUpViewController.swift; sourceTree = "<group>"; };
		297454BB2BF3BC0B00D299FE /* MainTabBarViewController.swift */ = {isa = PBXFileReference; lastKnownFileType = sourcecode.swift; path = MainTabBarViewController.swift; sourceTree = "<group>"; };
		29924B742BC158F8002B47F5 /* MyDrugViewController.swift */ = {isa = PBXFileReference; lastKnownFileType = sourcecode.swift; path = MyDrugViewController.swift; sourceTree = "<group>"; };
		29924B762BC15EAC002B47F5 /* MyDrugCollectionViewCell.swift */ = {isa = PBXFileReference; lastKnownFileType = sourcecode.swift; path = MyDrugCollectionViewCell.swift; sourceTree = "<group>"; };
		29924B772BC15EAC002B47F5 /* MyDrugCollectionViewCell.xib */ = {isa = PBXFileReference; lastKnownFileType = file.xib; path = MyDrugCollectionViewCell.xib; sourceTree = "<group>"; };
		29CF55032BECFBF100E27B46 /* GoogleService-Info.plist */ = {isa = PBXFileReference; fileEncoding = 4; lastKnownFileType = text.plist.xml; path = "GoogleService-Info.plist"; sourceTree = "<group>"; };
		29EA88062B55256400126ADB /* Drug-Info.app */ = {isa = PBXFileReference; explicitFileType = wrapper.application; includeInIndex = 0; path = "Drug-Info.app"; sourceTree = BUILT_PRODUCTS_DIR; };
		29EA88092B55256400126ADB /* AppDelegate.swift */ = {isa = PBXFileReference; lastKnownFileType = sourcecode.swift; path = AppDelegate.swift; sourceTree = "<group>"; };
		29EA880B2B55256400126ADB /* SceneDelegate.swift */ = {isa = PBXFileReference; lastKnownFileType = sourcecode.swift; path = SceneDelegate.swift; sourceTree = "<group>"; };
		29EA880D2B55256400126ADB /* DrugSearchViewController.swift */ = {isa = PBXFileReference; lastKnownFileType = sourcecode.swift; path = DrugSearchViewController.swift; sourceTree = "<group>"; };
		29EA88102B55256400126ADB /* Base */ = {isa = PBXFileReference; lastKnownFileType = file.storyboard; name = Base; path = Base.lproj/Main.storyboard; sourceTree = "<group>"; };
		29EA88122B55256500126ADB /* Assets.xcassets */ = {isa = PBXFileReference; lastKnownFileType = folder.assetcatalog; path = Assets.xcassets; sourceTree = "<group>"; };
		29EA88152B55256500126ADB /* Base */ = {isa = PBXFileReference; lastKnownFileType = file.storyboard; name = Base; path = Base.lproj/LaunchScreen.storyboard; sourceTree = "<group>"; };
		29EA88172B55256500126ADB /* Info.plist */ = {isa = PBXFileReference; lastKnownFileType = text.plist.xml; path = Info.plist; sourceTree = "<group>"; };
		29EA881C2B55256500126ADB /* Drug-InfoTests.xctest */ = {isa = PBXFileReference; explicitFileType = wrapper.cfbundle; includeInIndex = 0; path = "Drug-InfoTests.xctest"; sourceTree = BUILT_PRODUCTS_DIR; };
		29EA88202B55256500126ADB /* Drug_InfoTests.swift */ = {isa = PBXFileReference; lastKnownFileType = sourcecode.swift; path = Drug_InfoTests.swift; sourceTree = "<group>"; };
		29EA88262B55256500126ADB /* Drug-InfoUITests.xctest */ = {isa = PBXFileReference; explicitFileType = wrapper.cfbundle; includeInIndex = 0; path = "Drug-InfoUITests.xctest"; sourceTree = BUILT_PRODUCTS_DIR; };
		29EA882A2B55256500126ADB /* Drug_InfoUITests.swift */ = {isa = PBXFileReference; lastKnownFileType = sourcecode.swift; path = Drug_InfoUITests.swift; sourceTree = "<group>"; };
		29EA882C2B55256500126ADB /* Drug_InfoUITestsLaunchTests.swift */ = {isa = PBXFileReference; lastKnownFileType = sourcecode.swift; path = Drug_InfoUITestsLaunchTests.swift; sourceTree = "<group>"; };
		29EA883C2B554B8100126ADB /* DrugTableViewCell.swift */ = {isa = PBXFileReference; lastKnownFileType = sourcecode.swift; path = DrugTableViewCell.swift; sourceTree = "<group>"; };
		29EA883D2B554B8100126ADB /* DrugTableViewCell.xib */ = {isa = PBXFileReference; lastKnownFileType = file.xib; path = DrugTableViewCell.xib; sourceTree = "<group>"; };
		29EA88412B5555E300126ADB /* DrugItemDTO.swift */ = {isa = PBXFileReference; lastKnownFileType = sourcecode.swift; path = DrugItemDTO.swift; sourceTree = "<group>"; };
		29EA88432B55560C00126ADB /* DrugAPI.swift */ = {isa = PBXFileReference; lastKnownFileType = sourcecode.swift; path = DrugAPI.swift; sourceTree = "<group>"; };
		29EA88452B5557D600126ADB /* APIParameter.swift */ = {isa = PBXFileReference; lastKnownFileType = sourcecode.swift; path = APIParameter.swift; sourceTree = "<group>"; };
		29EA88472B56633400126ADB /* DrugInfoViewController.swift */ = {isa = PBXFileReference; lastKnownFileType = sourcecode.swift; path = DrugInfoViewController.swift; sourceTree = "<group>"; };
		29EA884A2B579C4300126ADB /* +UIImageView.swift */ = {isa = PBXFileReference; lastKnownFileType = sourcecode.swift; path = "+UIImageView.swift"; sourceTree = "<group>"; };
		5225B60B6F4D193C8C75155D /* Pods_Drug_Info.framework */ = {isa = PBXFileReference; explicitFileType = wrapper.framework; includeInIndex = 0; path = Pods_Drug_Info.framework; sourceTree = BUILT_PRODUCTS_DIR; };
		570207AC79C7CED557C6F2AB /* Pods-Drug-Info-Drug-InfoUITests.debug.xcconfig */ = {isa = PBXFileReference; includeInIndex = 1; lastKnownFileType = text.xcconfig; name = "Pods-Drug-Info-Drug-InfoUITests.debug.xcconfig"; path = "Target Support Files/Pods-Drug-Info-Drug-InfoUITests/Pods-Drug-Info-Drug-InfoUITests.debug.xcconfig"; sourceTree = "<group>"; };
		8A0944A9CA8E01B50A30666E /* Pods-Drug-Info.release.xcconfig */ = {isa = PBXFileReference; includeInIndex = 1; lastKnownFileType = text.xcconfig; name = "Pods-Drug-Info.release.xcconfig"; path = "Target Support Files/Pods-Drug-Info/Pods-Drug-Info.release.xcconfig"; sourceTree = "<group>"; };
		A5F189E989EEB19F20D39208 /* Pods-Drug-InfoTests.release.xcconfig */ = {isa = PBXFileReference; includeInIndex = 1; lastKnownFileType = text.xcconfig; name = "Pods-Drug-InfoTests.release.xcconfig"; path = "Target Support Files/Pods-Drug-InfoTests/Pods-Drug-InfoTests.release.xcconfig"; sourceTree = "<group>"; };
		BE14818D4B58A893476203EA /* Pods-Drug-Info.debug.xcconfig */ = {isa = PBXFileReference; includeInIndex = 1; lastKnownFileType = text.xcconfig; name = "Pods-Drug-Info.debug.xcconfig"; path = "Target Support Files/Pods-Drug-Info/Pods-Drug-Info.debug.xcconfig"; sourceTree = "<group>"; };
		DF5DF788C904D85875C9D844 /* Pods-Drug-InfoTests.debug.xcconfig */ = {isa = PBXFileReference; includeInIndex = 1; lastKnownFileType = text.xcconfig; name = "Pods-Drug-InfoTests.debug.xcconfig"; path = "Target Support Files/Pods-Drug-InfoTests/Pods-Drug-InfoTests.debug.xcconfig"; sourceTree = "<group>"; };
/* End PBXFileReference section */

/* Begin PBXFrameworksBuildPhase section */
		29EA88032B55256400126ADB /* Frameworks */ = {
			isa = PBXFrameworksBuildPhase;
			buildActionMask = 2147483647;
			files = (
				29CF551B2BECFC4100E27B46 /* FirebaseDatabaseSwift in Frameworks */,
				29CF551D2BECFC4100E27B46 /* FirebaseFirestore in Frameworks */,
				29CF55112BECFC4100E27B46 /* FirebaseAppDistribution-Beta in Frameworks */,
				29CF55152BECFC4100E27B46 /* FirebaseAuthCombine-Community in Frameworks */,
				29CF550B2BECFC4100E27B46 /* FirebaseAnalyticsSwift in Frameworks */,
				29CF55232BECFC4100E27B46 /* FirebaseStorage in Frameworks */,
				29CF55252BECFC4100E27B46 /* FirebaseStorageCombine-Community in Frameworks */,
				29CF55212BECFC4100E27B46 /* FirebaseFirestoreSwift in Frameworks */,
				29CF550D2BECFC4100E27B46 /* FirebaseAnalyticsWithoutAdIdSupport in Frameworks */,
				29CF55072BECFC4100E27B46 /* FirebaseAnalytics in Frameworks */,
				29CF55092BECFC4100E27B46 /* FirebaseAnalyticsOnDeviceConversion in Frameworks */,
				29CF550F2BECFC4100E27B46 /* FirebaseAppCheck in Frameworks */,
				29CF55172BECFC4100E27B46 /* FirebaseCrashlytics in Frameworks */,
				29CF55192BECFC4100E27B46 /* FirebaseDatabase in Frameworks */,
				DD8AFD22D8C24AAA28C4D1F4 /* Pods_Drug_Info.framework in Frameworks */,
				29CF55132BECFC4100E27B46 /* FirebaseAuth in Frameworks */,
				29CF551F2BECFC4100E27B46 /* FirebaseFirestoreCombine-Community in Frameworks */,
			);
			runOnlyForDeploymentPostprocessing = 0;
		};
		29EA88192B55256500126ADB /* Frameworks */ = {
			isa = PBXFrameworksBuildPhase;
			buildActionMask = 2147483647;
			files = (
				F2FF9A4AF21019E92DFB3022 /* Pods_Drug_InfoTests.framework in Frameworks */,
			);
			runOnlyForDeploymentPostprocessing = 0;
		};
		29EA88232B55256500126ADB /* Frameworks */ = {
			isa = PBXFrameworksBuildPhase;
			buildActionMask = 2147483647;
			files = (
				C46C4FB4DF21744D753D732A /* Pods_Drug_Info_Drug_InfoUITests.framework in Frameworks */,
			);
			runOnlyForDeploymentPostprocessing = 0;
		};
/* End PBXFrameworksBuildPhase section */

/* Begin PBXGroup section */
		29EA87FD2B55256400126ADB = {
			isa = PBXGroup;
			children = (
				294432BD2BDF675200AB1B1E /* Secrets.json */,
				29EA88082B55256400126ADB /* Drug-Info */,
				29EA881F2B55256500126ADB /* Drug-InfoTests */,
				29EA88292B55256500126ADB /* Drug-InfoUITests */,
				29EA88072B55256400126ADB /* Products */,
				8DC612C141FF96501089123B /* Pods */,
				2CD62BEA6ED215ABE212EE29 /* Frameworks */,
			);
			sourceTree = "<group>";
		};
		29EA88072B55256400126ADB /* Products */ = {
			isa = PBXGroup;
			children = (
				29EA88062B55256400126ADB /* Drug-Info.app */,
				29EA881C2B55256500126ADB /* Drug-InfoTests.xctest */,
				29EA88262B55256500126ADB /* Drug-InfoUITests.xctest */,
			);
			name = Products;
			sourceTree = "<group>";
		};
		29EA88082B55256400126ADB /* Drug-Info */ = {
			isa = PBXGroup;
			children = (
				29EA88492B579C3100126ADB /* extenstion */,
				29EA883B2B554A6700126ADB /* cell */,
				29EA883A2B554A6300126ADB /* api */,
				29EA88392B554A5A00126ADB /* view */,
				29EA88092B55256400126ADB /* AppDelegate.swift */,
				29EA880B2B55256400126ADB /* SceneDelegate.swift */,
				29EA880F2B55256400126ADB /* Main.storyboard */,
				29EA88142B55256500126ADB /* LaunchScreen.storyboard */,
				29CF55032BECFBF100E27B46 /* GoogleService-Info.plist */,
				29EA88122B55256500126ADB /* Assets.xcassets */,
				29EA88172B55256500126ADB /* Info.plist */,
			);
			path = "Drug-Info";
			sourceTree = "<group>";
		};
		29EA881F2B55256500126ADB /* Drug-InfoTests */ = {
			isa = PBXGroup;
			children = (
				29EA88202B55256500126ADB /* Drug_InfoTests.swift */,
			);
			path = "Drug-InfoTests";
			sourceTree = "<group>";
		};
		29EA88292B55256500126ADB /* Drug-InfoUITests */ = {
			isa = PBXGroup;
			children = (
				29EA882A2B55256500126ADB /* Drug_InfoUITests.swift */,
				29EA882C2B55256500126ADB /* Drug_InfoUITestsLaunchTests.swift */,
			);
			path = "Drug-InfoUITests";
			sourceTree = "<group>";
		};
		29EA88392B554A5A00126ADB /* view */ = {
			isa = PBXGroup;
			children = (
				29EA880D2B55256400126ADB /* DrugSearchViewController.swift */,
				29EA88472B56633400126ADB /* DrugInfoViewController.swift */,
				29924B742BC158F8002B47F5 /* MyDrugViewController.swift */,
				297454B52BF1A91B00D299FE /* LoginViewController.swift */,
				297454B92BF1A99D00D299FE /* SignUpViewController.swift */,
				297454BB2BF3BC0B00D299FE /* MainTabBarViewController.swift */,
			);
			path = view;
			sourceTree = "<group>";
		};
		29EA883A2B554A6300126ADB /* api */ = {
			isa = PBXGroup;
			children = (
				29EA88412B5555E300126ADB /* DrugItemDTO.swift */,
				29EA88432B55560C00126ADB /* DrugAPI.swift */,
				29EA88452B5557D600126ADB /* APIParameter.swift */,
			);
			path = api;
			sourceTree = "<group>";
		};
		29EA883B2B554A6700126ADB /* cell */ = {
			isa = PBXGroup;
			children = (
				29EA883C2B554B8100126ADB /* DrugTableViewCell.swift */,
				29EA883D2B554B8100126ADB /* DrugTableViewCell.xib */,
				29924B762BC15EAC002B47F5 /* MyDrugCollectionViewCell.swift */,
				29924B772BC15EAC002B47F5 /* MyDrugCollectionViewCell.xib */,
			);
			path = cell;
			sourceTree = "<group>";
		};
		29EA88492B579C3100126ADB /* extenstion */ = {
			isa = PBXGroup;
			children = (
				29EA884A2B579C4300126ADB /* +UIImageView.swift */,
			);
			path = extenstion;
			sourceTree = "<group>";
		};
		2CD62BEA6ED215ABE212EE29 /* Frameworks */ = {
			isa = PBXGroup;
			children = (
				5225B60B6F4D193C8C75155D /* Pods_Drug_Info.framework */,
				0A03DFC9249C1EC5E2A579C5 /* Pods_Drug_Info_Drug_InfoUITests.framework */,
				042CAF8A2D628232758B3085 /* Pods_Drug_InfoTests.framework */,
			);
			name = Frameworks;
			sourceTree = "<group>";
		};
		8DC612C141FF96501089123B /* Pods */ = {
			isa = PBXGroup;
			children = (
				BE14818D4B58A893476203EA /* Pods-Drug-Info.debug.xcconfig */,
				8A0944A9CA8E01B50A30666E /* Pods-Drug-Info.release.xcconfig */,
				570207AC79C7CED557C6F2AB /* Pods-Drug-Info-Drug-InfoUITests.debug.xcconfig */,
				291205EA49FC3B23D315E0C0 /* Pods-Drug-Info-Drug-InfoUITests.release.xcconfig */,
				DF5DF788C904D85875C9D844 /* Pods-Drug-InfoTests.debug.xcconfig */,
				A5F189E989EEB19F20D39208 /* Pods-Drug-InfoTests.release.xcconfig */,
			);
			path = Pods;
			sourceTree = "<group>";
		};
/* End PBXGroup section */

/* Begin PBXNativeTarget section */
		29EA88052B55256400126ADB /* Drug-Info */ = {
			isa = PBXNativeTarget;
			buildConfigurationList = 29EA88302B55256500126ADB /* Build configuration list for PBXNativeTarget "Drug-Info" */;
			buildPhases = (
				14195ECC17530830CAE90EEA /* [CP] Check Pods Manifest.lock */,
				29EA88022B55256400126ADB /* Sources */,
				29EA88032B55256400126ADB /* Frameworks */,
				29EA88042B55256400126ADB /* Resources */,
				0577F4935F1B58ED3251A651 /* [CP] Embed Pods Frameworks */,
			);
			buildRules = (
			);
			dependencies = (
			);
			name = "Drug-Info";
			packageProductDependencies = (
				29CF55062BECFC4100E27B46 /* FirebaseAnalytics */,
				29CF55082BECFC4100E27B46 /* FirebaseAnalyticsOnDeviceConversion */,
				29CF550A2BECFC4100E27B46 /* FirebaseAnalyticsSwift */,
				29CF550C2BECFC4100E27B46 /* FirebaseAnalyticsWithoutAdIdSupport */,
				29CF550E2BECFC4100E27B46 /* FirebaseAppCheck */,
				29CF55102BECFC4100E27B46 /* FirebaseAppDistribution-Beta */,
				29CF55122BECFC4100E27B46 /* FirebaseAuth */,
				29CF55142BECFC4100E27B46 /* FirebaseAuthCombine-Community */,
				29CF55162BECFC4100E27B46 /* FirebaseCrashlytics */,
				29CF55182BECFC4100E27B46 /* FirebaseDatabase */,
				29CF551A2BECFC4100E27B46 /* FirebaseDatabaseSwift */,
				29CF551C2BECFC4100E27B46 /* FirebaseFirestore */,
				29CF551E2BECFC4100E27B46 /* FirebaseFirestoreCombine-Community */,
				29CF55202BECFC4100E27B46 /* FirebaseFirestoreSwift */,
				29CF55222BECFC4100E27B46 /* FirebaseStorage */,
				29CF55242BECFC4100E27B46 /* FirebaseStorageCombine-Community */,
			);
			productName = "Drug-Info";
			productReference = 29EA88062B55256400126ADB /* Drug-Info.app */;
			productType = "com.apple.product-type.application";
		};
		29EA881B2B55256500126ADB /* Drug-InfoTests */ = {
			isa = PBXNativeTarget;
			buildConfigurationList = 29EA88332B55256500126ADB /* Build configuration list for PBXNativeTarget "Drug-InfoTests" */;
			buildPhases = (
				139720DBA55B4FB3540444B2 /* [CP] Check Pods Manifest.lock */,
				29EA88182B55256500126ADB /* Sources */,
				29EA88192B55256500126ADB /* Frameworks */,
				29EA881A2B55256500126ADB /* Resources */,
			);
			buildRules = (
			);
			dependencies = (
				29EA881E2B55256500126ADB /* PBXTargetDependency */,
			);
			name = "Drug-InfoTests";
			productName = "Drug-InfoTests";
			productReference = 29EA881C2B55256500126ADB /* Drug-InfoTests.xctest */;
			productType = "com.apple.product-type.bundle.unit-test";
		};
		29EA88252B55256500126ADB /* Drug-InfoUITests */ = {
			isa = PBXNativeTarget;
			buildConfigurationList = 29EA88362B55256500126ADB /* Build configuration list for PBXNativeTarget "Drug-InfoUITests" */;
			buildPhases = (
				B825A12EE6FA9763028056CE /* [CP] Check Pods Manifest.lock */,
				29EA88222B55256500126ADB /* Sources */,
				29EA88232B55256500126ADB /* Frameworks */,
				29EA88242B55256500126ADB /* Resources */,
				37CAD782373184590023994C /* [CP] Embed Pods Frameworks */,
			);
			buildRules = (
			);
			dependencies = (
				29EA88282B55256500126ADB /* PBXTargetDependency */,
			);
			name = "Drug-InfoUITests";
			productName = "Drug-InfoUITests";
			productReference = 29EA88262B55256500126ADB /* Drug-InfoUITests.xctest */;
			productType = "com.apple.product-type.bundle.ui-testing";
		};
/* End PBXNativeTarget section */

/* Begin PBXProject section */
		29EA87FE2B55256400126ADB /* Project object */ = {
			isa = PBXProject;
			attributes = {
				BuildIndependentTargetsInParallel = 1;
				LastSwiftUpdateCheck = 1420;
				LastUpgradeCheck = 1420;
				TargetAttributes = {
					29EA88052B55256400126ADB = {
						CreatedOnToolsVersion = 14.2;
					};
					29EA881B2B55256500126ADB = {
						CreatedOnToolsVersion = 14.2;
						TestTargetID = 29EA88052B55256400126ADB;
					};
					29EA88252B55256500126ADB = {
						CreatedOnToolsVersion = 14.2;
						TestTargetID = 29EA88052B55256400126ADB;
					};
				};
			};
			buildConfigurationList = 29EA88012B55256400126ADB /* Build configuration list for PBXProject "Drug-Info" */;
			compatibilityVersion = "Xcode 14.0";
			developmentRegion = en;
			hasScannedForEncodings = 0;
			knownRegions = (
				en,
				Base,
			);
			mainGroup = 29EA87FD2B55256400126ADB;
			packageReferences = (
				29CF55052BECFC4100E27B46 /* XCRemoteSwiftPackageReference "firebase-ios-sdk" */,
			);
			productRefGroup = 29EA88072B55256400126ADB /* Products */;
			projectDirPath = "";
			projectRoot = "";
			targets = (
				29EA88052B55256400126ADB /* Drug-Info */,
				29EA881B2B55256500126ADB /* Drug-InfoTests */,
				29EA88252B55256500126ADB /* Drug-InfoUITests */,
			);
		};
/* End PBXProject section */

/* Begin PBXResourcesBuildPhase section */
		29EA88042B55256400126ADB /* Resources */ = {
			isa = PBXResourcesBuildPhase;
			buildActionMask = 2147483647;
			files = (
				29EA88162B55256500126ADB /* LaunchScreen.storyboard in Resources */,
				29924B792BC15EAC002B47F5 /* MyDrugCollectionViewCell.xib in Resources */,
				29EA88132B55256500126ADB /* Assets.xcassets in Resources */,
				29EA88112B55256400126ADB /* Main.storyboard in Resources */,
				294432BF2BDF675200AB1B1E /* Secrets.json in Resources */,
				29EA883F2B554B8100126ADB /* DrugTableViewCell.xib in Resources */,
				29CF55042BECFBF100E27B46 /* GoogleService-Info.plist in Resources */,
			);
			runOnlyForDeploymentPostprocessing = 0;
		};
		29EA881A2B55256500126ADB /* Resources */ = {
			isa = PBXResourcesBuildPhase;
			buildActionMask = 2147483647;
			files = (
			);
			runOnlyForDeploymentPostprocessing = 0;
		};
		29EA88242B55256500126ADB /* Resources */ = {
			isa = PBXResourcesBuildPhase;
			buildActionMask = 2147483647;
			files = (
			);
			runOnlyForDeploymentPostprocessing = 0;
		};
/* End PBXResourcesBuildPhase section */

/* Begin PBXShellScriptBuildPhase section */
		0577F4935F1B58ED3251A651 /* [CP] Embed Pods Frameworks */ = {
			isa = PBXShellScriptBuildPhase;
			buildActionMask = 2147483647;
			files = (
			);
			inputFileListPaths = (
				"${PODS_ROOT}/Target Support Files/Pods-Drug-Info/Pods-Drug-Info-frameworks-${CONFIGURATION}-input-files.xcfilelist",
			);
			name = "[CP] Embed Pods Frameworks";
			outputFileListPaths = (
				"${PODS_ROOT}/Target Support Files/Pods-Drug-Info/Pods-Drug-Info-frameworks-${CONFIGURATION}-output-files.xcfilelist",
			);
			runOnlyForDeploymentPostprocessing = 0;
			shellPath = /bin/sh;
			shellScript = "\"${PODS_ROOT}/Target Support Files/Pods-Drug-Info/Pods-Drug-Info-frameworks.sh\"\n";
			showEnvVarsInLog = 0;
		};
		139720DBA55B4FB3540444B2 /* [CP] Check Pods Manifest.lock */ = {
			isa = PBXShellScriptBuildPhase;
			buildActionMask = 2147483647;
			files = (
			);
			inputFileListPaths = (
			);
			inputPaths = (
				"${PODS_PODFILE_DIR_PATH}/Podfile.lock",
				"${PODS_ROOT}/Manifest.lock",
			);
			name = "[CP] Check Pods Manifest.lock";
			outputFileListPaths = (
			);
			outputPaths = (
				"$(DERIVED_FILE_DIR)/Pods-Drug-InfoTests-checkManifestLockResult.txt",
			);
			runOnlyForDeploymentPostprocessing = 0;
			shellPath = /bin/sh;
			shellScript = "diff \"${PODS_PODFILE_DIR_PATH}/Podfile.lock\" \"${PODS_ROOT}/Manifest.lock\" > /dev/null\nif [ $? != 0 ] ; then\n    # print error to STDERR\n    echo \"error: The sandbox is not in sync with the Podfile.lock. Run 'pod install' or update your CocoaPods installation.\" >&2\n    exit 1\nfi\n# This output is used by Xcode 'outputs' to avoid re-running this script phase.\necho \"SUCCESS\" > \"${SCRIPT_OUTPUT_FILE_0}\"\n";
			showEnvVarsInLog = 0;
		};
		14195ECC17530830CAE90EEA /* [CP] Check Pods Manifest.lock */ = {
			isa = PBXShellScriptBuildPhase;
			buildActionMask = 2147483647;
			files = (
			);
			inputFileListPaths = (
			);
			inputPaths = (
				"${PODS_PODFILE_DIR_PATH}/Podfile.lock",
				"${PODS_ROOT}/Manifest.lock",
			);
			name = "[CP] Check Pods Manifest.lock";
			outputFileListPaths = (
			);
			outputPaths = (
				"$(DERIVED_FILE_DIR)/Pods-Drug-Info-checkManifestLockResult.txt",
			);
			runOnlyForDeploymentPostprocessing = 0;
			shellPath = /bin/sh;
			shellScript = "diff \"${PODS_PODFILE_DIR_PATH}/Podfile.lock\" \"${PODS_ROOT}/Manifest.lock\" > /dev/null\nif [ $? != 0 ] ; then\n    # print error to STDERR\n    echo \"error: The sandbox is not in sync with the Podfile.lock. Run 'pod install' or update your CocoaPods installation.\" >&2\n    exit 1\nfi\n# This output is used by Xcode 'outputs' to avoid re-running this script phase.\necho \"SUCCESS\" > \"${SCRIPT_OUTPUT_FILE_0}\"\n";
			showEnvVarsInLog = 0;
		};
		37CAD782373184590023994C /* [CP] Embed Pods Frameworks */ = {
			isa = PBXShellScriptBuildPhase;
			buildActionMask = 2147483647;
			files = (
			);
			inputFileListPaths = (
				"${PODS_ROOT}/Target Support Files/Pods-Drug-Info-Drug-InfoUITests/Pods-Drug-Info-Drug-InfoUITests-frameworks-${CONFIGURATION}-input-files.xcfilelist",
			);
			name = "[CP] Embed Pods Frameworks";
			outputFileListPaths = (
				"${PODS_ROOT}/Target Support Files/Pods-Drug-Info-Drug-InfoUITests/Pods-Drug-Info-Drug-InfoUITests-frameworks-${CONFIGURATION}-output-files.xcfilelist",
			);
			runOnlyForDeploymentPostprocessing = 0;
			shellPath = /bin/sh;
			shellScript = "\"${PODS_ROOT}/Target Support Files/Pods-Drug-Info-Drug-InfoUITests/Pods-Drug-Info-Drug-InfoUITests-frameworks.sh\"\n";
			showEnvVarsInLog = 0;
		};
		B825A12EE6FA9763028056CE /* [CP] Check Pods Manifest.lock */ = {
			isa = PBXShellScriptBuildPhase;
			buildActionMask = 2147483647;
			files = (
			);
			inputFileListPaths = (
			);
			inputPaths = (
				"${PODS_PODFILE_DIR_PATH}/Podfile.lock",
				"${PODS_ROOT}/Manifest.lock",
			);
			name = "[CP] Check Pods Manifest.lock";
			outputFileListPaths = (
			);
			outputPaths = (
				"$(DERIVED_FILE_DIR)/Pods-Drug-Info-Drug-InfoUITests-checkManifestLockResult.txt",
			);
			runOnlyForDeploymentPostprocessing = 0;
			shellPath = /bin/sh;
			shellScript = "diff \"${PODS_PODFILE_DIR_PATH}/Podfile.lock\" \"${PODS_ROOT}/Manifest.lock\" > /dev/null\nif [ $? != 0 ] ; then\n    # print error to STDERR\n    echo \"error: The sandbox is not in sync with the Podfile.lock. Run 'pod install' or update your CocoaPods installation.\" >&2\n    exit 1\nfi\n# This output is used by Xcode 'outputs' to avoid re-running this script phase.\necho \"SUCCESS\" > \"${SCRIPT_OUTPUT_FILE_0}\"\n";
			showEnvVarsInLog = 0;
		};
/* End PBXShellScriptBuildPhase section */

/* Begin PBXSourcesBuildPhase section */
		29EA88022B55256400126ADB /* Sources */ = {
			isa = PBXSourcesBuildPhase;
			buildActionMask = 2147483647;
			files = (
				297454B62BF1A91B00D299FE /* LoginViewController.swift in Sources */,
				29924B752BC158F8002B47F5 /* MyDrugViewController.swift in Sources */,
				29EA88442B55560C00126ADB /* DrugAPI.swift in Sources */,
				297454BC2BF3BC0B00D299FE /* MainTabBarViewController.swift in Sources */,
				29EA880E2B55256400126ADB /* DrugSearchViewController.swift in Sources */,
				29EA88462B5557D600126ADB /* APIParameter.swift in Sources */,
				29EA880A2B55256400126ADB /* AppDelegate.swift in Sources */,
				29EA88482B56633400126ADB /* DrugInfoViewController.swift in Sources */,
				297454BA2BF1A99D00D299FE /* SignUpViewController.swift in Sources */,
				29EA880C2B55256400126ADB /* SceneDelegate.swift in Sources */,
				29EA88422B5555E300126ADB /* DrugItemDTO.swift in Sources */,
				29924B782BC15EAC002B47F5 /* MyDrugCollectionViewCell.swift in Sources */,
				29EA883E2B554B8100126ADB /* DrugTableViewCell.swift in Sources */,
				29EA884B2B579C4300126ADB /* +UIImageView.swift in Sources */,
			);
			runOnlyForDeploymentPostprocessing = 0;
		};
		29EA88182B55256500126ADB /* Sources */ = {
			isa = PBXSourcesBuildPhase;
			buildActionMask = 2147483647;
			files = (
				29EA88212B55256500126ADB /* Drug_InfoTests.swift in Sources */,
			);
			runOnlyForDeploymentPostprocessing = 0;
		};
		29EA88222B55256500126ADB /* Sources */ = {
			isa = PBXSourcesBuildPhase;
			buildActionMask = 2147483647;
			files = (
				29EA882D2B55256500126ADB /* Drug_InfoUITestsLaunchTests.swift in Sources */,
				29EA882B2B55256500126ADB /* Drug_InfoUITests.swift in Sources */,
			);
			runOnlyForDeploymentPostprocessing = 0;
		};
/* End PBXSourcesBuildPhase section */

/* Begin PBXTargetDependency section */
		29EA881E2B55256500126ADB /* PBXTargetDependency */ = {
			isa = PBXTargetDependency;
			target = 29EA88052B55256400126ADB /* Drug-Info */;
			targetProxy = 29EA881D2B55256500126ADB /* PBXContainerItemProxy */;
		};
		29EA88282B55256500126ADB /* PBXTargetDependency */ = {
			isa = PBXTargetDependency;
			target = 29EA88052B55256400126ADB /* Drug-Info */;
			targetProxy = 29EA88272B55256500126ADB /* PBXContainerItemProxy */;
		};
/* End PBXTargetDependency section */

/* Begin PBXVariantGroup section */
		294432BD2BDF675200AB1B1E /* Secrets.json */ = {
			isa = PBXVariantGroup;
			children = (
				294432BE2BDF675200AB1B1E /* en */,
			);
			name = Secrets.json;
			sourceTree = "<group>";
		};
		29EA880F2B55256400126ADB /* Main.storyboard */ = {
			isa = PBXVariantGroup;
			children = (
				29EA88102B55256400126ADB /* Base */,
			);
			name = Main.storyboard;
			sourceTree = "<group>";
		};
		29EA88142B55256500126ADB /* LaunchScreen.storyboard */ = {
			isa = PBXVariantGroup;
			children = (
				29EA88152B55256500126ADB /* Base */,
			);
			name = LaunchScreen.storyboard;
			sourceTree = "<group>";
		};
/* End PBXVariantGroup section */

/* Begin XCBuildConfiguration section */
		29EA882E2B55256500126ADB /* Debug */ = {
			isa = XCBuildConfiguration;
			buildSettings = {
				ALWAYS_SEARCH_USER_PATHS = NO;
				CLANG_ANALYZER_NONNULL = YES;
				CLANG_ANALYZER_NUMBER_OBJECT_CONVERSION = YES_AGGRESSIVE;
				CLANG_CXX_LANGUAGE_STANDARD = "gnu++20";
				CLANG_ENABLE_MODULES = YES;
				CLANG_ENABLE_OBJC_ARC = YES;
				CLANG_ENABLE_OBJC_WEAK = YES;
				CLANG_WARN_BLOCK_CAPTURE_AUTORELEASING = YES;
				CLANG_WARN_BOOL_CONVERSION = YES;
				CLANG_WARN_COMMA = YES;
				CLANG_WARN_CONSTANT_CONVERSION = YES;
				CLANG_WARN_DEPRECATED_OBJC_IMPLEMENTATIONS = YES;
				CLANG_WARN_DIRECT_OBJC_ISA_USAGE = YES_ERROR;
				CLANG_WARN_DOCUMENTATION_COMMENTS = YES;
				CLANG_WARN_EMPTY_BODY = YES;
				CLANG_WARN_ENUM_CONVERSION = YES;
				CLANG_WARN_INFINITE_RECURSION = YES;
				CLANG_WARN_INT_CONVERSION = YES;
				CLANG_WARN_NON_LITERAL_NULL_CONVERSION = YES;
				CLANG_WARN_OBJC_IMPLICIT_RETAIN_SELF = YES;
				CLANG_WARN_OBJC_LITERAL_CONVERSION = YES;
				CLANG_WARN_OBJC_ROOT_CLASS = YES_ERROR;
				CLANG_WARN_QUOTED_INCLUDE_IN_FRAMEWORK_HEADER = YES;
				CLANG_WARN_RANGE_LOOP_ANALYSIS = YES;
				CLANG_WARN_STRICT_PROTOTYPES = YES;
				CLANG_WARN_SUSPICIOUS_MOVE = YES;
				CLANG_WARN_UNGUARDED_AVAILABILITY = YES_AGGRESSIVE;
				CLANG_WARN_UNREACHABLE_CODE = YES;
				CLANG_WARN__DUPLICATE_METHOD_MATCH = YES;
				COPY_PHASE_STRIP = NO;
				DEBUG_INFORMATION_FORMAT = dwarf;
				ENABLE_STRICT_OBJC_MSGSEND = YES;
				ENABLE_TESTABILITY = YES;
				GCC_C_LANGUAGE_STANDARD = gnu11;
				GCC_DYNAMIC_NO_PIC = NO;
				GCC_NO_COMMON_BLOCKS = YES;
				GCC_OPTIMIZATION_LEVEL = 0;
				GCC_PREPROCESSOR_DEFINITIONS = (
					"DEBUG=1",
					"$(inherited)",
				);
				GCC_WARN_64_TO_32_BIT_CONVERSION = YES;
				GCC_WARN_ABOUT_RETURN_TYPE = YES_ERROR;
				GCC_WARN_UNDECLARED_SELECTOR = YES;
				GCC_WARN_UNINITIALIZED_AUTOS = YES_AGGRESSIVE;
				GCC_WARN_UNUSED_FUNCTION = YES;
				GCC_WARN_UNUSED_VARIABLE = YES;
				IPHONEOS_DEPLOYMENT_TARGET = 16.2;
				MTL_ENABLE_DEBUG_INFO = INCLUDE_SOURCE;
				MTL_FAST_MATH = YES;
				ONLY_ACTIVE_ARCH = YES;
				SDKROOT = iphoneos;
				SWIFT_ACTIVE_COMPILATION_CONDITIONS = DEBUG;
				SWIFT_OPTIMIZATION_LEVEL = "-Onone";
			};
			name = Debug;
		};
		29EA882F2B55256500126ADB /* Release */ = {
			isa = XCBuildConfiguration;
			buildSettings = {
				ALWAYS_SEARCH_USER_PATHS = NO;
				CLANG_ANALYZER_NONNULL = YES;
				CLANG_ANALYZER_NUMBER_OBJECT_CONVERSION = YES_AGGRESSIVE;
				CLANG_CXX_LANGUAGE_STANDARD = "gnu++20";
				CLANG_ENABLE_MODULES = YES;
				CLANG_ENABLE_OBJC_ARC = YES;
				CLANG_ENABLE_OBJC_WEAK = YES;
				CLANG_WARN_BLOCK_CAPTURE_AUTORELEASING = YES;
				CLANG_WARN_BOOL_CONVERSION = YES;
				CLANG_WARN_COMMA = YES;
				CLANG_WARN_CONSTANT_CONVERSION = YES;
				CLANG_WARN_DEPRECATED_OBJC_IMPLEMENTATIONS = YES;
				CLANG_WARN_DIRECT_OBJC_ISA_USAGE = YES_ERROR;
				CLANG_WARN_DOCUMENTATION_COMMENTS = YES;
				CLANG_WARN_EMPTY_BODY = YES;
				CLANG_WARN_ENUM_CONVERSION = YES;
				CLANG_WARN_INFINITE_RECURSION = YES;
				CLANG_WARN_INT_CONVERSION = YES;
				CLANG_WARN_NON_LITERAL_NULL_CONVERSION = YES;
				CLANG_WARN_OBJC_IMPLICIT_RETAIN_SELF = YES;
				CLANG_WARN_OBJC_LITERAL_CONVERSION = YES;
				CLANG_WARN_OBJC_ROOT_CLASS = YES_ERROR;
				CLANG_WARN_QUOTED_INCLUDE_IN_FRAMEWORK_HEADER = YES;
				CLANG_WARN_RANGE_LOOP_ANALYSIS = YES;
				CLANG_WARN_STRICT_PROTOTYPES = YES;
				CLANG_WARN_SUSPICIOUS_MOVE = YES;
				CLANG_WARN_UNGUARDED_AVAILABILITY = YES_AGGRESSIVE;
				CLANG_WARN_UNREACHABLE_CODE = YES;
				CLANG_WARN__DUPLICATE_METHOD_MATCH = YES;
				COPY_PHASE_STRIP = NO;
				DEBUG_INFORMATION_FORMAT = "dwarf-with-dsym";
				ENABLE_NS_ASSERTIONS = NO;
				ENABLE_STRICT_OBJC_MSGSEND = YES;
				GCC_C_LANGUAGE_STANDARD = gnu11;
				GCC_NO_COMMON_BLOCKS = YES;
				GCC_WARN_64_TO_32_BIT_CONVERSION = YES;
				GCC_WARN_ABOUT_RETURN_TYPE = YES_ERROR;
				GCC_WARN_UNDECLARED_SELECTOR = YES;
				GCC_WARN_UNINITIALIZED_AUTOS = YES_AGGRESSIVE;
				GCC_WARN_UNUSED_FUNCTION = YES;
				GCC_WARN_UNUSED_VARIABLE = YES;
				IPHONEOS_DEPLOYMENT_TARGET = 16.2;
				MTL_ENABLE_DEBUG_INFO = NO;
				MTL_FAST_MATH = YES;
				SDKROOT = iphoneos;
				SWIFT_COMPILATION_MODE = wholemodule;
				SWIFT_OPTIMIZATION_LEVEL = "-O";
				VALIDATE_PRODUCT = YES;
			};
			name = Release;
		};
		29EA88312B55256500126ADB /* Debug */ = {
			isa = XCBuildConfiguration;
			baseConfigurationReference = BE14818D4B58A893476203EA /* Pods-Drug-Info.debug.xcconfig */;
			buildSettings = {
				ASSETCATALOG_COMPILER_APPICON_NAME = AppIcon;
				ASSETCATALOG_COMPILER_GLOBAL_ACCENT_COLOR_NAME = AccentColor;
				CODE_SIGN_STYLE = Automatic;
				CURRENT_PROJECT_VERSION = 1;
				DEVELOPMENT_TEAM = 5JFDFGPT2B;
				GENERATE_INFOPLIST_FILE = YES;
				INFOPLIST_FILE = "Drug-Info/Info.plist";
				INFOPLIST_KEY_UIApplicationSupportsIndirectInputEvents = YES;
				INFOPLIST_KEY_UILaunchStoryboardName = LaunchScreen;
				INFOPLIST_KEY_UIMainStoryboardFile = Main;
				INFOPLIST_KEY_UISupportedInterfaceOrientations_iPad = "UIInterfaceOrientationPortrait UIInterfaceOrientationPortraitUpsideDown UIInterfaceOrientationLandscapeLeft UIInterfaceOrientationLandscapeRight";
				INFOPLIST_KEY_UISupportedInterfaceOrientations_iPhone = "UIInterfaceOrientationPortrait UIInterfaceOrientationLandscapeLeft UIInterfaceOrientationLandscapeRight";
				LD_RUNPATH_SEARCH_PATHS = (
					"$(inherited)",
					"@executable_path/Frameworks",
				);
				MARKETING_VERSION = 1.0;
				PRODUCT_BUNDLE_IDENTIFIER = "choi6.Drug-Info";
				PRODUCT_NAME = "$(TARGET_NAME)";
				SWIFT_EMIT_LOC_STRINGS = YES;
				SWIFT_VERSION = 5.0;
				TARGETED_DEVICE_FAMILY = "1,2";
			};
			name = Debug;
		};
		29EA88322B55256500126ADB /* Release */ = {
			isa = XCBuildConfiguration;
			baseConfigurationReference = 8A0944A9CA8E01B50A30666E /* Pods-Drug-Info.release.xcconfig */;
			buildSettings = {
				ASSETCATALOG_COMPILER_APPICON_NAME = AppIcon;
				ASSETCATALOG_COMPILER_GLOBAL_ACCENT_COLOR_NAME = AccentColor;
				CODE_SIGN_STYLE = Automatic;
				CURRENT_PROJECT_VERSION = 1;
				DEVELOPMENT_TEAM = 5JFDFGPT2B;
				GENERATE_INFOPLIST_FILE = YES;
				INFOPLIST_FILE = "Drug-Info/Info.plist";
				INFOPLIST_KEY_UIApplicationSupportsIndirectInputEvents = YES;
				INFOPLIST_KEY_UILaunchStoryboardName = LaunchScreen;
				INFOPLIST_KEY_UIMainStoryboardFile = Main;
				INFOPLIST_KEY_UISupportedInterfaceOrientations_iPad = "UIInterfaceOrientationPortrait UIInterfaceOrientationPortraitUpsideDown UIInterfaceOrientationLandscapeLeft UIInterfaceOrientationLandscapeRight";
				INFOPLIST_KEY_UISupportedInterfaceOrientations_iPhone = "UIInterfaceOrientationPortrait UIInterfaceOrientationLandscapeLeft UIInterfaceOrientationLandscapeRight";
				LD_RUNPATH_SEARCH_PATHS = (
					"$(inherited)",
					"@executable_path/Frameworks",
				);
				MARKETING_VERSION = 1.0;
				PRODUCT_BUNDLE_IDENTIFIER = "choi6.Drug-Info";
				PRODUCT_NAME = "$(TARGET_NAME)";
				SWIFT_EMIT_LOC_STRINGS = YES;
				SWIFT_VERSION = 5.0;
				TARGETED_DEVICE_FAMILY = "1,2";
			};
			name = Release;
		};
		29EA88342B55256500126ADB /* Debug */ = {
			isa = XCBuildConfiguration;
			baseConfigurationReference = DF5DF788C904D85875C9D844 /* Pods-Drug-InfoTests.debug.xcconfig */;
			buildSettings = {
				ALWAYS_EMBED_SWIFT_STANDARD_LIBRARIES = YES;
				BUNDLE_LOADER = "$(TEST_HOST)";
				CODE_SIGN_STYLE = Automatic;
				CURRENT_PROJECT_VERSION = 1;
				DEVELOPMENT_TEAM = 5JFDFGPT2B;
				GENERATE_INFOPLIST_FILE = YES;
				IPHONEOS_DEPLOYMENT_TARGET = 16.2;
				MARKETING_VERSION = 1.0;
				PRODUCT_BUNDLE_IDENTIFIER = "choi6.Drug-InfoTests";
				PRODUCT_NAME = "$(TARGET_NAME)";
				SWIFT_EMIT_LOC_STRINGS = NO;
				SWIFT_VERSION = 5.0;
				TARGETED_DEVICE_FAMILY = "1,2";
				TEST_HOST = "$(BUILT_PRODUCTS_DIR)/Drug-Info.app/$(BUNDLE_EXECUTABLE_FOLDER_PATH)/Drug-Info";
			};
			name = Debug;
		};
		29EA88352B55256500126ADB /* Release */ = {
			isa = XCBuildConfiguration;
			baseConfigurationReference = A5F189E989EEB19F20D39208 /* Pods-Drug-InfoTests.release.xcconfig */;
			buildSettings = {
				ALWAYS_EMBED_SWIFT_STANDARD_LIBRARIES = YES;
				BUNDLE_LOADER = "$(TEST_HOST)";
				CODE_SIGN_STYLE = Automatic;
				CURRENT_PROJECT_VERSION = 1;
				DEVELOPMENT_TEAM = 5JFDFGPT2B;
				GENERATE_INFOPLIST_FILE = YES;
				IPHONEOS_DEPLOYMENT_TARGET = 16.2;
				MARKETING_VERSION = 1.0;
				PRODUCT_BUNDLE_IDENTIFIER = "choi6.Drug-InfoTests";
				PRODUCT_NAME = "$(TARGET_NAME)";
				SWIFT_EMIT_LOC_STRINGS = NO;
				SWIFT_VERSION = 5.0;
				TARGETED_DEVICE_FAMILY = "1,2";
				TEST_HOST = "$(BUILT_PRODUCTS_DIR)/Drug-Info.app/$(BUNDLE_EXECUTABLE_FOLDER_PATH)/Drug-Info";
			};
			name = Release;
		};
		29EA88372B55256500126ADB /* Debug */ = {
			isa = XCBuildConfiguration;
			baseConfigurationReference = 570207AC79C7CED557C6F2AB /* Pods-Drug-Info-Drug-InfoUITests.debug.xcconfig */;
			buildSettings = {
				ALWAYS_EMBED_SWIFT_STANDARD_LIBRARIES = YES;
				CODE_SIGN_STYLE = Automatic;
				CURRENT_PROJECT_VERSION = 1;
				DEVELOPMENT_TEAM = 5JFDFGPT2B;
				GENERATE_INFOPLIST_FILE = YES;
				MARKETING_VERSION = 1.0;
				PRODUCT_BUNDLE_IDENTIFIER = "choi6.Drug-InfoUITests";
				PRODUCT_NAME = "$(TARGET_NAME)";
				SWIFT_EMIT_LOC_STRINGS = NO;
				SWIFT_VERSION = 5.0;
				TARGETED_DEVICE_FAMILY = "1,2";
				TEST_TARGET_NAME = "Drug-Info";
			};
			name = Debug;
		};
		29EA88382B55256500126ADB /* Release */ = {
			isa = XCBuildConfiguration;
			baseConfigurationReference = 291205EA49FC3B23D315E0C0 /* Pods-Drug-Info-Drug-InfoUITests.release.xcconfig */;
			buildSettings = {
				ALWAYS_EMBED_SWIFT_STANDARD_LIBRARIES = YES;
				CODE_SIGN_STYLE = Automatic;
				CURRENT_PROJECT_VERSION = 1;
				DEVELOPMENT_TEAM = 5JFDFGPT2B;
				GENERATE_INFOPLIST_FILE = YES;
				MARKETING_VERSION = 1.0;
				PRODUCT_BUNDLE_IDENTIFIER = "choi6.Drug-InfoUITests";
				PRODUCT_NAME = "$(TARGET_NAME)";
				SWIFT_EMIT_LOC_STRINGS = NO;
				SWIFT_VERSION = 5.0;
				TARGETED_DEVICE_FAMILY = "1,2";
				TEST_TARGET_NAME = "Drug-Info";
			};
			name = Release;
		};
/* End XCBuildConfiguration section */

/* Begin XCConfigurationList section */
		29EA88012B55256400126ADB /* Build configuration list for PBXProject "Drug-Info" */ = {
			isa = XCConfigurationList;
			buildConfigurations = (
				29EA882E2B55256500126ADB /* Debug */,
				29EA882F2B55256500126ADB /* Release */,
			);
			defaultConfigurationIsVisible = 0;
			defaultConfigurationName = Release;
		};
		29EA88302B55256500126ADB /* Build configuration list for PBXNativeTarget "Drug-Info" */ = {
			isa = XCConfigurationList;
			buildConfigurations = (
				29EA88312B55256500126ADB /* Debug */,
				29EA88322B55256500126ADB /* Release */,
			);
			defaultConfigurationIsVisible = 0;
			defaultConfigurationName = Release;
		};
		29EA88332B55256500126ADB /* Build configuration list for PBXNativeTarget "Drug-InfoTests" */ = {
			isa = XCConfigurationList;
			buildConfigurations = (
				29EA88342B55256500126ADB /* Debug */,
				29EA88352B55256500126ADB /* Release */,
			);
			defaultConfigurationIsVisible = 0;
			defaultConfigurationName = Release;
		};
		29EA88362B55256500126ADB /* Build configuration list for PBXNativeTarget "Drug-InfoUITests" */ = {
			isa = XCConfigurationList;
			buildConfigurations = (
				29EA88372B55256500126ADB /* Debug */,
				29EA88382B55256500126ADB /* Release */,
			);
			defaultConfigurationIsVisible = 0;
			defaultConfigurationName = Release;
		};
/* End XCConfigurationList section */

/* Begin XCRemoteSwiftPackageReference section */
		29CF55052BECFC4100E27B46 /* XCRemoteSwiftPackageReference "firebase-ios-sdk" */ = {
			isa = XCRemoteSwiftPackageReference;
			repositoryURL = "http://github.com/firebase/firebase-ios-sdk";
			requirement = {
				kind = upToNextMajorVersion;
				minimumVersion = 10.25.0;
			};
		};
/* End XCRemoteSwiftPackageReference section */

/* Begin XCSwiftPackageProductDependency section */
		29CF55062BECFC4100E27B46 /* FirebaseAnalytics */ = {
			isa = XCSwiftPackageProductDependency;
			package = 29CF55052BECFC4100E27B46 /* XCRemoteSwiftPackageReference "firebase-ios-sdk" */;
			productName = FirebaseAnalytics;
		};
		29CF55082BECFC4100E27B46 /* FirebaseAnalyticsOnDeviceConversion */ = {
			isa = XCSwiftPackageProductDependency;
			package = 29CF55052BECFC4100E27B46 /* XCRemoteSwiftPackageReference "firebase-ios-sdk" */;
			productName = FirebaseAnalyticsOnDeviceConversion;
		};
		29CF550A2BECFC4100E27B46 /* FirebaseAnalyticsSwift */ = {
			isa = XCSwiftPackageProductDependency;
			package = 29CF55052BECFC4100E27B46 /* XCRemoteSwiftPackageReference "firebase-ios-sdk" */;
			productName = FirebaseAnalyticsSwift;
		};
		29CF550C2BECFC4100E27B46 /* FirebaseAnalyticsWithoutAdIdSupport */ = {
			isa = XCSwiftPackageProductDependency;
			package = 29CF55052BECFC4100E27B46 /* XCRemoteSwiftPackageReference "firebase-ios-sdk" */;
			productName = FirebaseAnalyticsWithoutAdIdSupport;
		};
		29CF550E2BECFC4100E27B46 /* FirebaseAppCheck */ = {
			isa = XCSwiftPackageProductDependency;
			package = 29CF55052BECFC4100E27B46 /* XCRemoteSwiftPackageReference "firebase-ios-sdk" */;
			productName = FirebaseAppCheck;
		};
		29CF55102BECFC4100E27B46 /* FirebaseAppDistribution-Beta */ = {
			isa = XCSwiftPackageProductDependency;
			package = 29CF55052BECFC4100E27B46 /* XCRemoteSwiftPackageReference "firebase-ios-sdk" */;
			productName = "FirebaseAppDistribution-Beta";
		};
		29CF55122BECFC4100E27B46 /* FirebaseAuth */ = {
			isa = XCSwiftPackageProductDependency;
			package = 29CF55052BECFC4100E27B46 /* XCRemoteSwiftPackageReference "firebase-ios-sdk" */;
			productName = FirebaseAuth;
		};
		29CF55142BECFC4100E27B46 /* FirebaseAuthCombine-Community */ = {
			isa = XCSwiftPackageProductDependency;
			package = 29CF55052BECFC4100E27B46 /* XCRemoteSwiftPackageReference "firebase-ios-sdk" */;
			productName = "FirebaseAuthCombine-Community";
		};
		29CF55162BECFC4100E27B46 /* FirebaseCrashlytics */ = {
			isa = XCSwiftPackageProductDependency;
			package = 29CF55052BECFC4100E27B46 /* XCRemoteSwiftPackageReference "firebase-ios-sdk" */;
			productName = FirebaseCrashlytics;
		};
		29CF55182BECFC4100E27B46 /* FirebaseDatabase */ = {
			isa = XCSwiftPackageProductDependency;
			package = 29CF55052BECFC4100E27B46 /* XCRemoteSwiftPackageReference "firebase-ios-sdk" */;
			productName = FirebaseDatabase;
		};
		29CF551A2BECFC4100E27B46 /* FirebaseDatabaseSwift */ = {
			isa = XCSwiftPackageProductDependency;
			package = 29CF55052BECFC4100E27B46 /* XCRemoteSwiftPackageReference "firebase-ios-sdk" */;
			productName = FirebaseDatabaseSwift;
		};
		29CF551C2BECFC4100E27B46 /* FirebaseFirestore */ = {
			isa = XCSwiftPackageProductDependency;
			package = 29CF55052BECFC4100E27B46 /* XCRemoteSwiftPackageReference "firebase-ios-sdk" */;
			productName = FirebaseFirestore;
		};
		29CF551E2BECFC4100E27B46 /* FirebaseFirestoreCombine-Community */ = {
			isa = XCSwiftPackageProductDependency;
			package = 29CF55052BECFC4100E27B46 /* XCRemoteSwiftPackageReference "firebase-ios-sdk" */;
			productName = "FirebaseFirestoreCombine-Community";
		};
		29CF55202BECFC4100E27B46 /* FirebaseFirestoreSwift */ = {
			isa = XCSwiftPackageProductDependency;
			package = 29CF55052BECFC4100E27B46 /* XCRemoteSwiftPackageReference "firebase-ios-sdk" */;
			productName = FirebaseFirestoreSwift;
		};
		29CF55222BECFC4100E27B46 /* FirebaseStorage */ = {
			isa = XCSwiftPackageProductDependency;
			package = 29CF55052BECFC4100E27B46 /* XCRemoteSwiftPackageReference "firebase-ios-sdk" */;
			productName = FirebaseStorage;
		};
		29CF55242BECFC4100E27B46 /* FirebaseStorageCombine-Community */ = {
			isa = XCSwiftPackageProductDependency;
			package = 29CF55052BECFC4100E27B46 /* XCRemoteSwiftPackageReference "firebase-ios-sdk" */;
			productName = "FirebaseStorageCombine-Community";
		};
/* End XCSwiftPackageProductDependency section */
	};
	rootObject = 29EA87FE2B55256400126ADB /* Project object */;
}
